
Microsoft Visual Studio Solution File, Format Version 12.00
# Visual Studio Version 16
VisualStudioVersion = 16.0.31025.194
MinimumVisualStudioVersion = 10.0.40219.1
Project("{9A19103F-16F7-4668-BE54-9A1E7A4F7556}") = "CRUD_Demo", "CRUD_Demo.csproj", "{9351642C-0CC8-4F20-B5D9-DFB532BA4C0C}"
EndProject
Project("{FAE04EC0-301F-11D3-BF4B-00C04F79EFBC}") = "DataLayer", "..\DataLayer\DataLayer.csproj", "{40E49354-4DA2-4718-9BCB-DBF366AFD765}"
EndProject
Project("{FAE04EC0-301F-11D3-BF4B-00C04F79EFBC}") = "Domain", "..\Domain\Domain.csproj", "{AF45E8D6-1CDE-4E1A-A917-AE65DDAA6824}"
EndProject
Global
	GlobalSection(SolutionConfigurationPlatforms) = preSolution
		Debug|Any CPU = Debug|Any CPU
		Release|Any CPU = Release|Any CPU
	EndGlobalSection
	GlobalSection(ProjectConfigurationPlatforms) = postSolution
		{9351642C-0CC8-4F20-B5D9-DFB532BA4C0C}.Debug|Any CPU.ActiveCfg = Debug|Any CPU
		{9351642C-0CC8-4F20-B5D9-DFB532BA4C0C}.Debug|Any CPU.Build.0 = Debug|Any CPU
		{9351642C-0CC8-4F20-B5D9-DFB532BA4C0C}.Release|Any CPU.ActiveCfg = Release|Any CPU
		{9351642C-0CC8-4F20-B5D9-DFB532BA4C0C}.Release|Any CPU.Build.0 = Release|Any CPU
		{40E49354-4DA2-4718-9BCB-DBF366AFD765}.Debug|Any CPU.ActiveCfg = Debug|Any CPU
		{40E49354-4DA2-4718-9BCB-DBF366AFD765}.Debug|Any CPU.Build.0 = Debug|Any CPU
		{40E49354-4DA2-4718-9BCB-DBF366AFD765}.Release|Any CPU.ActiveCfg = Release|Any CPU
		{40E49354-4DA2-4718-9BCB-DBF366AFD765}.Release|Any CPU.Build.0 = Release|Any CPU
		{AF45E8D6-1CDE-4E1A-A917-AE65DDAA6824}.Debug|Any CPU.ActiveCfg = Debug|Any CPU
		{AF45E8D6-1CDE-4E1A-A917-AE65DDAA6824}.Debug|Any CPU.Build.0 = Debug|Any CPU
		{AF45E8D6-1CDE-4E1A-A917-AE65DDAA6824}.Release|Any CPU.ActiveCfg = Release|Any CPU
		{AF45E8D6-1CDE-4E1A-A917-AE65DDAA6824}.Release|Any CPU.Build.0 = Release|Any CPU
	EndGlobalSection
	GlobalSection(SolutionProperties) = preSolution
		HideSolutionNode = FALSE
	EndGlobalSection
	GlobalSection(ExtensibilityGlobals) = postSolution
		SolutionGuid = {7F39C460-2EF5-4523-BB46-BAC3F0529D38}
	EndGlobalSection
EndGlobal
